
Microsoft Visual Studio Solution File, Format Version 12.00
# Visual Studio Version 17
VisualStudioVersion = 17.8.34511.84
MinimumVisualStudioVersion = 10.0.40219.1
Project("{FAE04EC0-301F-11D3-BF4B-00C04F79EFBC}") = "ASP net kurs", "ASP net kurs\ASP net kurs.csproj", "{5F93787A-5E25-433A-8D4C-87187C47D9B1}"
EndProject
Global
	GlobalSection(SolutionConfigurationPlatforms) = preSolution
		Debug|Any CPU = Debug|Any CPU
		Release|Any CPU = Release|Any CPU
	EndGlobalSection
	GlobalSection(ProjectConfigurationPlatforms) = postSolution
		{5F93787A-5E25-433A-8D4C-87187C47D9B1}.Debug|Any CPU.ActiveCfg = Debug|Any CPU
		{5F93787A-5E25-433A-8D4C-87187C47D9B1}.Debug|Any CPU.Build.0 = Debug|Any CPU
		{5F93787A-5E25-433A-8D4C-87187C47D9B1}.Release|Any CPU.ActiveCfg = Release|Any CPU
		{5F93787A-5E25-433A-8D4C-87187C47D9B1}.Release|Any CPU.Build.0 = Release|Any CPU
	EndGlobalSection
	GlobalSection(SolutionProperties) = preSolution
		HideSolutionNode = FALSE
	EndGlobalSection
	GlobalSection(ExtensibilityGlobals) = postSolution
		SolutionGuid = {E0BB5B9E-6113-4E04-849F-4E22F54B04BF}
	EndGlobalSection
EndGlobal
